PODS:
  - DSTBaseDevUtils (0.0.3):
    - DSTBaseDevUtils/DSTBaseTool (= 0.0.3)
    - DSTBaseDevUtils/DSTUIKit (= 0.0.3)
  - DSTBaseDevUtils/DSTBaseTool (0.0.3):
    - DSTBaseDevUtils/DSTBaseTool/DSTWeakProxyUtil (= 0.0.3)
  - DSTBaseDevUtils/DSTBaseTool/DSTWeakProxyUtil (0.0.3)
  - DSTBaseDevUtils/DSTUIKit (0.0.3):
    - DSTBaseDevUtils/DSTUIKit/DSTButton (= 0.0.3)
    - DSTBaseDevUtils/DSTUIKit/DSTString (= 0.0.3)
  - DSTBaseDevUtils/DSTUIKit/DSTButton (0.0.3)
  - DSTBaseDevUtils/DSTUIKit/DSTString (0.0.3)
  - Masonry (1.1.0)

DEPENDENCIES:
  - "DSTBaseDevUtils (from `git@github.com:iOSDevelopShareTeam/DSTBaseDevUtils.git`, branch `master`)"
  - Masonry (~> 1.1.0)

SPEC REPOS:
  trunk:
    - Masonry

EXTERNAL SOURCES:
  DSTBaseDevUtils:
    :branch: master
    :git: "git@github.com:iOSDevelopShareTeam/DSTBaseDevUtils.git"

CHECKOUT OPTIONS:
  DSTBaseDevUtils:
    :commit: 8815da025bf94e5464b859ede3b56cd2311a9f3b
    :git: "git@github.com:iOSDevelopShareTeam/DSTBaseDevUtils.git"

SPEC CHECKSUMS:
  DSTBaseDevUtils: 0f443561ef6febb97fbc37d8b42bc8984b5a280a
  Masonry: 678fab65091a9290e40e2832a55e7ab731aad201

PODFILE CHECKSUM: 7e12e743807a6f79278d9e4b5164ae2f0fbe735c

COCOAPODS: 1.9.3
